
Microsoft Visual Studio Solution File, Format Version 12.00
# Visual Studio Version 17
VisualStudioVersion = 17.5.33414.496
MinimumVisualStudioVersion = 10.0.40219.1
Project("{FAE04EC0-301F-11D3-BF4B-00C04F79EFBC}") = "Week4_Wednesday_HW", "Week4_Wednesday_HW.csproj", "{29EFC446-2267-422F-ADDC-72550A5EDDBB}"
EndProject
Global
	GlobalSection(SolutionConfigurationPlatforms) = preSolution
		Debug|Any CPU = Debug|Any CPU
		Release|Any CPU = Release|Any CPU
	EndGlobalSection
	GlobalSection(ProjectConfigurationPlatforms) = postSolution
		{29EFC446-2267-422F-ADDC-72550A5EDDBB}.Debug|Any CPU.ActiveCfg = Debug|Any CPU
		{29EFC446-2267-422F-ADDC-72550A5EDDBB}.Debug|Any CPU.Build.0 = Debug|Any CPU
		{29EFC446-2267-422F-ADDC-72550A5EDDBB}.Release|Any CPU.ActiveCfg = Release|Any CPU
		{29EFC446-2267-422F-ADDC-72550A5EDDBB}.Release|Any CPU.Build.0 = Release|Any CPU
	EndGlobalSection
	GlobalSection(SolutionProperties) = preSolution
		HideSolutionNode = FALSE
	EndGlobalSection
	GlobalSection(ExtensibilityGlobals) = postSolution
		SolutionGuid = {11475281-7D11-4093-A0A7-5DEA3FAF2AAF}
	EndGlobalSection
EndGlobal
